
Microsoft Visual Studio Solution File, Format Version 12.00
# Visual Studio Version 17
VisualStudioVersion = 17.0.31611.283
MinimumVisualStudioVersion = 10.0.40219.1
Project("{9A19103F-16F7-4668-BE54-9A1E7A4F7556}") = "Spixi", "Spixi\Spixi.csproj", "{63B997DA-ECD2-469F-8262-957A3A69649E}"
EndProject
Project("{D954291E-2A0B-460D-934E-DC6B0785DB48}") = "IXICore", "..\Ixian-Core\IXICore.shproj", "{80487C64-619A-4B60-97BD-ED7670BF45B3}"
EndProject
Project("{9A19103F-16F7-4668-BE54-9A1E7A4F7556}") = "Spixi-PushService", "Spixi-PushService\Spixi-PushService.csproj", "{A3DD869B-F356-433B-87B9-589FE5C1A283}"
EndProject
Global
	GlobalSection(SolutionConfigurationPlatforms) = preSolution
		Debug|Any CPU = Debug|Any CPU
		Debug|x64 = Debug|x64
		Release|Any CPU = Release|Any CPU
		Release|x64 = Release|x64
	EndGlobalSection
	GlobalSection(ProjectConfigurationPlatforms) = postSolution
		{63B997DA-ECD2-469F-8262-957A3A69649E}.Debug|Any CPU.ActiveCfg = Debug|x64
		{63B997DA-ECD2-469F-8262-957A3A69649E}.Debug|Any CPU.Build.0 = Debug|x64
		{63B997DA-ECD2-469F-8262-957A3A69649E}.Debug|Any CPU.Deploy.0 = Debug|x64
		{63B997DA-ECD2-469F-8262-957A3A69649E}.Debug|x64.ActiveCfg = Debug|x64
		{63B997DA-ECD2-469F-8262-957A3A69649E}.Debug|x64.Build.0 = Debug|x64
		{63B997DA-ECD2-469F-8262-957A3A69649E}.Debug|x64.Deploy.0 = Debug|x64
		{63B997DA-ECD2-469F-8262-957A3A69649E}.Release|Any CPU.ActiveCfg = Release|Any CPU
		{63B997DA-ECD2-469F-8262-957A3A69649E}.Release|Any CPU.Build.0 = Release|Any CPU
		{63B997DA-ECD2-469F-8262-957A3A69649E}.Release|Any CPU.Deploy.0 = Release|Any CPU
		{63B997DA-ECD2-469F-8262-957A3A69649E}.Release|x64.ActiveCfg = Release|Any CPU
		{63B997DA-ECD2-469F-8262-957A3A69649E}.Release|x64.Build.0 = Release|Any CPU
		{63B997DA-ECD2-469F-8262-957A3A69649E}.Release|x64.Deploy.0 = Release|Any CPU
	EndGlobalSection
	GlobalSection(SolutionProperties) = preSolution
		HideSolutionNode = FALSE
	EndGlobalSection
	GlobalSection(ExtensibilityGlobals) = postSolution
		SolutionGuid = {61F7FB11-1E47-470C-91E2-47F8143E1572}
	EndGlobalSection
	GlobalSection(SharedMSBuildProjectFiles) = preSolution
		..\Ixian-Core\IXICore.projitems*{63b997da-ecd2-469f-8262-957a3a69649e}*SharedItemsImports = 5
		..\Ixian-Core\IXICore.projitems*{80487c64-619a-4b60-97bd-ed7670bf45b3}*SharedItemsImports = 13
	EndGlobalSection
EndGlobal
